{
  "originHash" : "5409c275bbe8e2abdbf6f2db3097d694489f59d7d3b560825bf7200ec0986b43",
  "pins" : [
    {
      "identity" : "codablecsv",
      "kind" : "remoteSourceControl",
      "location" : "https://github.com/dehesa/CodableCSV.git",
      "state" : {
        "revision" : "99ace2cfdfbc19108b529c021005fb57a460e715",
        "version" : "0.6.7"
      }
    },
    {
      "identity" : "swiftqvalue",
      "kind" : "remoteSourceControl",
      "location" : "https://github.com/triple7/SwiftQValue",
      "state" : {
        "branch" : "main",
        "revision" : "c0973ee242bbe57dd9e7e0a91ceb36073c849e98"
      }
    }
  ],
  "version" : 3
}
